DEPENDENCIES
  tdd-box
    path: .
    metadata: true

GRAPH
  build-essential (8.2.1)
    mingw (>= 1.1)
    seven_zip (>= 0.0.0)
  compat_resource (12.19.1)
  mingw (2.1.0)
    seven_zip (>= 0.0.0)
  nginx (7.0.2)
    build-essential (>= 0.0.0)
    compat_resource (>= 12.16.3)
    ohai (>= 4.1.0)
    yum-epel (>= 0.0.0)
    zypper (>= 0.0.0)
  ohai (5.3.0)
  seven_zip (3.1.2)
    windows (>= 0.0.0)
  tdd-box (1.0.0)
    nginx (= 7.0.2)
  windows (6.0.1)
  yum-epel (3.3.0)
  zypper (0.4.0)
